// !$*UTF8*$!
{
	archiveVersion = 1;
	classes = {
	};
	objectVersion = 50;
	objects = {

/* Begin PBXBuildFile section */
		5E89BFEF21D8CEAC0007EF33 /* AppDelegate.swift in Sources */ = {isa = PBXBuildFile; fileRef = 5E89BFEE21D8CEAC0007EF33 /* AppDelegate.swift */; };
		5E89BFF121D8CEAC0007EF33 /* ViewController.swift in Sources */ = {isa = PBXBuildFile; fileRef = 5E89BFF021D8CEAC0007EF33 /* ViewController.swift */; };
		5E89BFF421D8CEAC0007EF33 /* Main.storyboard in Resources */ = {isa = PBXBuildFile; fileRef = 5E89BFF221D8CEAC0007EF33 /* Main.storyboard */; };
		5E89BFF621D8CEAD0007EF33 /* Assets.xcassets in Resources */ = {isa = PBXBuildFile; fileRef = 5E89BFF521D8CEAD0007EF33 /* Assets.xcassets */; };
		5E89BFF921D8CEAD0007EF33 /* LaunchScreen.storyboard in Resources */ = {isa = PBXBuildFile; fileRef = 5E89BFF721D8CEAD0007EF33 /* LaunchScreen.storyboard */; };
		5E89C00221D8CF000007EF33 /* MKAIndicatorView.framework in Frameworks */ = {isa = PBXBuildFile; fileRef = 5E89C00121D8CF000007EF33 /* MKAIndicatorView.framework */; };
		5E89C01621D8F9740007EF33 /* indicator6@3x.png in Resources */ = {isa = PBXBuildFile; fileRef = 5E89C00421D8F9740007EF33 /* indicator6@3x.png */; };
		5E89C01721D8F9740007EF33 /* indicator4@2x.png in Resources */ = {isa = PBXBuildFile; fileRef = 5E89C00521D8F9740007EF33 /* indicator4@2x.png */; };
		5E89C01821D8F9740007EF33 /* indicator4@3x.png in Resources */ = {isa = PBXBuildFile; fileRef = 5E89C00621D8F9740007EF33 /* indicator4@3x.png */; };
		5E89C01921D8F9740007EF33 /* indicator6@2x.png in Resources */ = {isa = PBXBuildFile; fileRef = 5E89C00721D8F9740007EF33 /* indicator6@2x.png */; };
		5E89C01A21D8F9740007EF33 /* indicator2@2x.png in Resources */ = {isa = PBXBuildFile; fileRef = 5E89C00821D8F9740007EF33 /* indicator2@2x.png */; };
		5E89C01B21D8F9740007EF33 /* indicator0@3x.png in Resources */ = {isa = PBXBuildFile; fileRef = 5E89C00921D8F9740007EF33 /* indicator0@3x.png */; };
		5E89C01C21D8F9740007EF33 /* indicator0@2x.png in Resources */ = {isa = PBXBuildFile; fileRef = 5E89C00A21D8F9740007EF33 /* indicator0@2x.png */; };
		5E89C01D21D8F9740007EF33 /* indicator2@3x.png in Resources */ = {isa = PBXBuildFile; fileRef = 5E89C00B21D8F9740007EF33 /* indicator2@3x.png */; };
		5E89C01E21D8F9740007EF33 /* indicator5@2x.png in Resources */ = {isa = PBXBuildFile; fileRef = 5E89C00C21D8F9740007EF33 /* indicator5@2x.png */; };
		5E89C01F21D8F9740007EF33 /* indicator7@3x.png in Resources */ = {isa = PBXBuildFile; fileRef = 5E89C00D21D8F9740007EF33 /* indicator7@3x.png */; };
		5E89C02021D8F9740007EF33 /* indicator7@2x.png in Resources */ = {isa = PBXBuildFile; fileRef = 5E89C00E21D8F9740007EF33 /* indicator7@2x.png */; };
		5E89C02121D8F9740007EF33 /* indicator5@3x.png in Resources */ = {isa = PBXBuildFile; fileRef = 5E89C00F21D8F9740007EF33 /* indicator5@3x.png */; };
		5E89C02221D8F9740007EF33 /* indicator1@3x.png in Resources */ = {isa = PBXBuildFile; fileRef = 5E89C01021D8F9740007EF33 /* indicator1@3x.png */; };
		5E89C02321D8F9740007EF33 /* spinner@2x.png in Resources */ = {isa = PBXBuildFile; fileRef = 5E89C01121D8F9740007EF33 /* spinner@2x.png */; };
		5E89C02421D8F9740007EF33 /* indicator3@2x.png in Resources */ = {isa = PBXBuildFile; fileRef = 5E89C01221D8F9740007EF33 /* indicator3@2x.png */; };
		5E89C02521D8F9740007EF33 /* indicator3@3x.png in Resources */ = {isa = PBXBuildFile; fileRef = 5E89C01321D8F9740007EF33 /* indicator3@3x.png */; };
		5E89C02621D8F9740007EF33 /* spinner@3x.png in Resources */ = {isa = PBXBuildFile; fileRef = 5E89C01421D8F9740007EF33 /* spinner@3x.png */; };
		5E89C02721D8F9740007EF33 /* indicator1@2x.png in Resources */ = {isa = PBXBuildFile; fileRef = 5E89C01521D8F9740007EF33 /* indicator1@2x.png */; };
/* End PBXBuildFile section */

/* Begin PBXFileReference section */
		5E89BFEB21D8CEAC0007EF33 /* MKAIndicatorViewSwiftSample.app */ = {isa = PBXFileReference; explicitFileType = wrapper.application; includeInIndex = 0; path = MKAIndicatorViewSwiftSample.app; sourceTree = BUILT_PRODUCTS_DIR; };
		5E89BFEE21D8CEAC0007EF33 /* AppDelegate.swift */ = {isa = PBXFileReference; lastKnownFileType = sourcecode.swift; path = AppDelegate.swift; sourceTree = "<group>"; };
		5E89BFF021D8CEAC0007EF33 /* ViewController.swift */ = {isa = PBXFileReference; lastKnownFileType = sourcecode.swift; path = ViewController.swift; sourceTree = "<group>"; };
		5E89BFF321D8CEAC0007EF33 /* Base */ = {isa = PBXFileReference; lastKnownFileType = file.storyboard; name = Base; path = Base.lproj/Main.storyboard; sourceTree = "<group>"; };
		5E89BFF521D8CEAD0007EF33 /* Assets.xcassets */ = {isa = PBXFileReference; lastKnownFileType = folder.assetcatalog; path = Assets.xcassets; sourceTree = "<group>"; };
		5E89BFF821D8CEAD0007EF33 /* Base */ = {isa = PBXFileReference; lastKnownFileType = file.storyboard; name = Base; path = Base.lproj/LaunchScreen.storyboard; sourceTree = "<group>"; };
		5E89BFFA21D8CEAD0007EF33 /* Info.plist */ = {isa = PBXFileReference; lastKnownFileType = text.plist.xml; path = Info.plist; sourceTree = "<group>"; };
		5E89C00121D8CF000007EF33 /* MKAIndicatorView.framework */ = {isa = PBXFileReference; lastKnownFileType = wrapper.framework; path = MKAIndicatorView.framework; sourceTree = "<group>"; };
		5E89C00421D8F9740007EF33 /* indicator6@3x.png */ = {isa = PBXFileReference; lastKnownFileType = image.png; path = "indicator6@3x.png"; sourceTree = "<group>"; };
		5E89C00521D8F9740007EF33 /* indicator4@2x.png */ = {isa = PBXFileReference; lastKnownFileType = image.png; path = "indicator4@2x.png"; sourceTree = "<group>"; };
		5E89C00621D8F9740007EF33 /* indicator4@3x.png */ = {isa = PBXFileReference; lastKnownFileType = image.png; path = "indicator4@3x.png"; sourceTree = "<group>"; };
		5E89C00721D8F9740007EF33 /* indicator6@2x.png */ = {isa = PBXFileReference; lastKnownFileType = image.png; path = "indicator6@2x.png"; sourceTree = "<group>"; };
		5E89C00821D8F9740007EF33 /* indicator2@2x.png */ = {isa = PBXFileReference; lastKnownFileType = image.png; path = "indicator2@2x.png"; sourceTree = "<group>"; };
		5E89C00921D8F9740007EF33 /* indicator0@3x.png */ = {isa = PBXFileReference; lastKnownFileType = image.png; path = "indicator0@3x.png"; sourceTree = "<group>"; };
		5E89C00A21D8F9740007EF33 /* indicator0@2x.png */ = {isa = PBXFileReference; lastKnownFileType = image.png; path = "indicator0@2x.png"; sourceTree = "<group>"; };
		5E89C00B21D8F9740007EF33 /* indicator2@3x.png */ = {isa = PBXFileReference; lastKnownFileType = image.png; path = "indicator2@3x.png"; sourceTree = "<group>"; };
		5E89C00C21D8F9740007EF33 /* indicator5@2x.png */ = {isa = PBXFileReference; lastKnownFileType = image.png; path = "indicator5@2x.png"; sourceTree = "<group>"; };
		5E89C00D21D8F9740007EF33 /* indicator7@3x.png */ = {isa = PBXFileReference; lastKnownFileType = image.png; path = "indicator7@3x.png"; sourceTree = "<group>"; };
		5E89C00E21D8F9740007EF33 /* indicator7@2x.png */ = {isa = PBXFileReference; lastKnownFileType = image.png; path = "indicator7@2x.png"; sourceTree = "<group>"; };
		5E89C00F21D8F9740007EF33 /* indicator5@3x.png */ = {isa = PBXFileReference; lastKnownFileType = image.png; path = "indicator5@3x.png"; sourceTree = "<group>"; };
		5E89C01021D8F9740007EF33 /* indicator1@3x.png */ = {isa = PBXFileReference; lastKnownFileType = image.png; path = "indicator1@3x.png"; sourceTree = "<group>"; };
		5E89C01121D8F9740007EF33 /* spinner@2x.png */ = {isa = PBXFileReference; lastKnownFileType = image.png; path = "spinner@2x.png"; sourceTree = "<group>"; };
		5E89C01221D8F9740007EF33 /* indicator3@2x.png */ = {isa = PBXFileReference; lastKnownFileType = image.png; path = "indicator3@2x.png"; sourceTree = "<group>"; };
		5E89C01321D8F9740007EF33 /* indicator3@3x.png */ = {isa = PBXFileReference; lastKnownFileType = image.png; path = "indicator3@3x.png"; sourceTree = "<group>"; };
		5E89C01421D8F9740007EF33 /* spinner@3x.png */ = {isa = PBXFileReference; lastKnownFileType = image.png; path = "spinner@3x.png"; sourceTree = "<group>"; };
		5E89C01521D8F9740007EF33 /* indicator1@2x.png */ = {isa = PBXFileReference; lastKnownFileType = image.png; path = "indicator1@2x.png"; sourceTree = "<group>"; };
/* End PBXFileReference section */

/* Begin PBXFrameworksBuildPhase section */
		5E89BFE821D8CEAC0007EF33 /* Frameworks */ = {
			isa = PBXFrameworksBuildPhase;
			buildActionMask = 2147483647;
			files = (
				5E89C00221D8CF000007EF33 /* MKAIndicatorView.framework in Frameworks */,
			);
			runOnlyForDeploymentPostprocessing = 0;
		};
/* End PBXFrameworksBuildPhase section */

/* Begin PBXGroup section */
		5E89BFE221D8CEAC0007EF33 = {
			isa = PBXGroup;
			children = (
				5E89C00021D8CEDD0007EF33 /* Framework */,
				5E89BFED21D8CEAC0007EF33 /* MKAIndicatorViewSwiftSample */,
				5E89BFEC21D8CEAC0007EF33 /* Products */,
			);
			sourceTree = "<group>";
		};
		5E89BFEC21D8CEAC0007EF33 /* Products */ = {
			isa = PBXGroup;
			children = (
				5E89BFEB21D8CEAC0007EF33 /* MKAIndicatorViewSwiftSample.app */,
			);
			name = Products;
			sourceTree = "<group>";
		};
		5E89BFED21D8CEAC0007EF33 /* MKAIndicatorViewSwiftSample */ = {
			isa = PBXGroup;
			children = (
				5E89BFEE21D8CEAC0007EF33 /* AppDelegate.swift */,
				5E89BFF521D8CEAD0007EF33 /* Assets.xcassets */,
				5E89BFFA21D8CEAD0007EF33 /* Info.plist */,
				5E89BFF721D8CEAD0007EF33 /* LaunchScreen.storyboard */,
				5E89BFF221D8CEAC0007EF33 /* Main.storyboard */,
				5E89C00321D8F9740007EF33 /* Resources */,
				5E89BFF021D8CEAC0007EF33 /* ViewController.swift */,
			);
			path = MKAIndicatorViewSwiftSample;
			sourceTree = "<group>";
		};
		5E89C00021D8CEDD0007EF33 /* Framework */ = {
			isa = PBXGroup;
			children = (
				5E89C00121D8CF000007EF33 /* MKAIndicatorView.framework */,
			);
			path = Framework;
			sourceTree = "<group>";
		};
		5E89C00321D8F9740007EF33 /* Resources */ = {
			isa = PBXGroup;
			children = (
				5E89C00421D8F9740007EF33 /* indicator6@3x.png */,
				5E89C00521D8F9740007EF33 /* indicator4@2x.png */,
				5E89C00621D8F9740007EF33 /* indicator4@3x.png */,
				5E89C00721D8F9740007EF33 /* indicator6@2x.png */,
				5E89C00821D8F9740007EF33 /* indicator2@2x.png */,
				5E89C00921D8F9740007EF33 /* indicator0@3x.png */,
				5E89C00A21D8F9740007EF33 /* indicator0@2x.png */,
				5E89C00B21D8F9740007EF33 /* indicator2@3x.png */,
				5E89C00C21D8F9740007EF33 /* indicator5@2x.png */,
				5E89C00D21D8F9740007EF33 /* indicator7@3x.png */,
				5E89C00E21D8F9740007EF33 /* indicator7@2x.png */,
				5E89C00F21D8F9740007EF33 /* indicator5@3x.png */,
				5E89C01021D8F9740007EF33 /* indicator1@3x.png */,
				5E89C01121D8F9740007EF33 /* spinner@2x.png */,
				5E89C01221D8F9740007EF33 /* indicator3@2x.png */,
				5E89C01321D8F9740007EF33 /* indicator3@3x.png */,
				5E89C01421D8F9740007EF33 /* spinner@3x.png */,
				5E89C01521D8F9740007EF33 /* indicator1@2x.png */,
			);
			path = Resources;
			sourceTree = "<group>";
		};
/* End PBXGroup section */

/* Begin PBXNativeTarget section */
		5E89BFEA21D8CEAC0007EF33 /* MKAIndicatorViewSwiftSample */ = {
			isa = PBXNativeTarget;
			buildConfigurationList = 5E89BFFD21D8CEAD0007EF33 /* Build configuration list for PBXNativeTarget "MKAIndicatorViewSwiftSample" */;
			buildPhases = (
				5E89BFE721D8CEAC0007EF33 /* Sources */,
				5E89BFE821D8CEAC0007EF33 /* Frameworks */,
				5E89BFE921D8CEAC0007EF33 /* Resources */,
			);
			buildRules = (
			);
			dependencies = (
			);
			name = MKAIndicatorViewSwiftSample;
			productName = MKAIndicatorViewSwiftSample;
			productReference = 5E89BFEB21D8CEAC0007EF33 /* MKAIndicatorViewSwiftSample.app */;
			productType = "com.apple.product-type.application";
		};
/* End PBXNativeTarget section */

/* Begin PBXProject section */
		5E89BFE321D8CEAC0007EF33 /* Project object */ = {
			isa = PBXProject;
			attributes = {
				LastSwiftUpdateCheck = 1000;
				LastUpgradeCheck = 1000;
				ORGANIZATIONNAME = "Hituzi Ando";
				TargetAttributes = {
					5E89BFEA21D8CEAC0007EF33 = {
						CreatedOnToolsVersion = 10.0;
					};
				};
			};
			buildConfigurationList = 5E89BFE621D8CEAC0007EF33 /* Build configuration list for PBXProject "MKAIndicatorViewSwiftSample" */;
			compatibilityVersion = "Xcode 9.3";
			developmentRegion = en;
			hasScannedForEncodings = 0;
			knownRegions = (
				en,
				Base,
			);
			mainGroup = 5E89BFE221D8CEAC0007EF33;
			productRefGroup = 5E89BFEC21D8CEAC0007EF33 /* Products */;
			projectDirPath = "";
			projectRoot = "";
			targets = (
				5E89BFEA21D8CEAC0007EF33 /* MKAIndicatorViewSwiftSample */,
			);
		};
/* End PBXProject section */

/* Begin PBXResourcesBuildPhase section */
		5E89BFE921D8CEAC0007EF33 /* Resources */ = {
			isa = PBXResourcesBuildPhase;
			buildActionMask = 2147483647;
			files = (
				5E89C02521D8F9740007EF33 /* indicator3@3x.png in Resources */,
				5E89C02421D8F9740007EF33 /* indicator3@2x.png in Resources */,
				5E89C02021D8F9740007EF33 /* indicator7@2x.png in Resources */,
				5E89C02621D8F9740007EF33 /* spinner@3x.png in Resources */,
				5E89C02121D8F9740007EF33 /* indicator5@3x.png in Resources */,
				5E89C01721D8F9740007EF33 /* indicator4@2x.png in Resources */,
				5E89BFF921D8CEAD0007EF33 /* LaunchScreen.storyboard in Resources */,
				5E89BFF621D8CEAD0007EF33 /* Assets.xcassets in Resources */,
				5E89C02321D8F9740007EF33 /* spinner@2x.png in Resources */,
				5E89C01621D8F9740007EF33 /* indicator6@3x.png in Resources */,
				5E89C02721D8F9740007EF33 /* indicator1@2x.png in Resources */,
				5E89C01E21D8F9740007EF33 /* indicator5@2x.png in Resources */,
				5E89C01821D8F9740007EF33 /* indicator4@3x.png in Resources */,
				5E89C01A21D8F9740007EF33 /* indicator2@2x.png in Resources */,
				5E89C01F21D8F9740007EF33 /* indicator7@3x.png in Resources */,
				5E89C01B21D8F9740007EF33 /* indicator0@3x.png in Resources */,
				5E89C01C21D8F9740007EF33 /* indicator0@2x.png in Resources */,
				5E89BFF421D8CEAC0007EF33 /* Main.storyboard in Resources */,
				5E89C02221D8F9740007EF33 /* indicator1@3x.png in Resources */,
				5E89C01D21D8F9740007EF33 /* indicator2@3x.png in Resources */,
				5E89C01921D8F9740007EF33 /* indicator6@2x.png in Resources */,
			);
			runOnlyForDeploymentPostprocessing = 0;
		};
/* End PBXResourcesBuildPhase section */

/* Begin PBXSourcesBuildPhase section */
		5E89BFE721D8CEAC0007EF33 /* Sources */ = {
			isa = PBXSourcesBuildPhase;
			buildActionMask = 2147483647;
			files = (
				5E89BFF121D8CEAC0007EF33 /* ViewController.swift in Sources */,
				5E89BFEF21D8CEAC0007EF33 /* AppDelegate.swift in Sources */,
			);
			runOnlyForDeploymentPostprocessing = 0;
		};
/* End PBXSourcesBuildPhase section */

/* Begin PBXVariantGroup section */
		5E89BFF221D8CEAC0007EF33 /* Main.storyboard */ = {
			isa = PBXVariantGroup;
			children = (
				5E89BFF321D8CEAC0007EF33 /* Base */,
			);
			name = Main.storyboard;
			sourceTree = "<group>";
		};
		5E89BFF721D8CEAD0007EF33 /* LaunchScreen.storyboard */ = {
			isa = PBXVariantGroup;
			children = (
				5E89BFF821D8CEAD0007EF33 /* Base */,
			);
			name = LaunchScreen.storyboard;
			sourceTree = "<group>";
		};
/* End PBXVariantGroup section */

/* Begin XCBuildConfiguration section */
		5E89BFFB21D8CEAD0007EF33 /* Debug */ = {
			isa = XCBuildConfiguration;
			buildSettings = {
				ALWAYS_SEARCH_USER_PATHS = NO;
				CLANG_ANALYZER_NONNULL = YES;
				CLANG_ANALYZER_NUMBER_OBJECT_CONVERSION = YES_AGGRESSIVE;
				CLANG_CXX_LANGUAGE_STANDARD = "gnu++14";
				CLANG_CXX_LIBRARY = "libc++";
				CLANG_ENABLE_MODULES = YES;
				CLANG_ENABLE_OBJC_ARC = YES;
				CLANG_ENABLE_OBJC_WEAK = YES;
				CLANG_WARN_BLOCK_CAPTURE_AUTORELEASING = YES;
				CLANG_WARN_BOOL_CONVERSION = YES;
				CLANG_WARN_COMMA = YES;
				CLANG_WARN_CONSTANT_CONVERSION = YES;
				CLANG_WARN_DEPRECATED_OBJC_IMPLEMENTATIONS = YES;
				CLANG_WARN_DIRECT_OBJC_ISA_USAGE = YES_ERROR;
				CLANG_WARN_DOCUMENTATION_COMMENTS = YES;
				CLANG_WARN_EMPTY_BODY = YES;
				CLANG_WARN_ENUM_CONVERSION = YES;
				CLANG_WARN_INFINITE_RECURSION = YES;
				CLANG_WARN_INT_CONVERSION = YES;
				CLANG_WARN_NON_LITERAL_NULL_CONVERSION = YES;
				CLANG_WARN_OBJC_IMPLICIT_RETAIN_SELF = YES;
				CLANG_WARN_OBJC_LITERAL_CONVERSION = YES;
				CLANG_WARN_OBJC_ROOT_CLASS = YES_ERROR;
				CLANG_WARN_RANGE_LOOP_ANALYSIS = YES;
				CLANG_WARN_STRICT_PROTOTYPES = YES;
				CLANG_WARN_SUSPICIOUS_MOVE = YES;
				CLANG_WARN_UNGUARDED_AVAILABILITY = YES_AGGRESSIVE;
				CLANG_WARN_UNREACHABLE_CODE = YES;
				CLANG_WARN__DUPLICATE_METHOD_MATCH = YES;
				CODE_SIGN_IDENTITY = "iPhone Developer";
				COPY_PHASE_STRIP = NO;
				DEBUG_INFORMATION_FORMAT = dwarf;
				ENABLE_STRICT_OBJC_MSGSEND = YES;
				ENABLE_TESTABILITY = YES;
				GCC_C_LANGUAGE_STANDARD = gnu11;
				GCC_DYNAMIC_NO_PIC = NO;
				GCC_NO_COMMON_BLOCKS = YES;
				GCC_OPTIMIZATION_LEVEL = 0;
				GCC_PREPROCESSOR_DEFINITIONS = (
					"DEBUG=1",
					"$(inherited)",
				);
				GCC_WARN_64_TO_32_BIT_CONVERSION = YES;
				GCC_WARN_ABOUT_RETURN_TYPE = YES_ERROR;
				GCC_WARN_UNDECLARED_SELECTOR = YES;
				GCC_WARN_UNINITIALIZED_AUTOS = YES_AGGRESSIVE;
				GCC_WARN_UNUSED_FUNCTION = YES;
				GCC_WARN_UNUSED_VARIABLE = YES;
				IPHONEOS_DEPLOYMENT_TARGET = 12.0;
				MTL_ENABLE_DEBUG_INFO = INCLUDE_SOURCE;
				MTL_FAST_MATH = YES;
				ONLY_ACTIVE_ARCH = YES;
				SDKROOT = iphoneos;
				SWIFT_ACTIVE_COMPILATION_CONDITIONS = DEBUG;
				SWIFT_OPTIMIZATION_LEVEL = "-Onone";
			};
			name = Debug;
		};
		5E89BFFC21D8CEAD0007EF33 /* Release */ = {
			isa = XCBuildConfiguration;
			buildSettings = {
				ALWAYS_SEARCH_USER_PATHS = NO;
				CLANG_ANALYZER_NONNULL = YES;
				CLANG_ANALYZER_NUMBER_OBJECT_CONVERSION = YES_AGGRESSIVE;
				CLANG_CXX_LANGUAGE_STANDARD = "gnu++14";
				CLANG_CXX_LIBRARY = "libc++";
				CLANG_ENABLE_MODULES = YES;
				CLANG_ENABLE_OBJC_ARC = YES;
				CLANG_ENABLE_OBJC_WEAK = YES;
				CLANG_WARN_BLOCK_CAPTURE_AUTORELEASING = YES;
				CLANG_WARN_BOOL_CONVERSION = YES;
				CLANG_WARN_COMMA = YES;
				CLANG_WARN_CONSTANT_CONVERSION = YES;
				CLANG_WARN_DEPRECATED_OBJC_IMPLEMENTATIONS = YES;
				CLANG_WARN_DIRECT_OBJC_ISA_USAGE = YES_ERROR;
				CLANG_WARN_DOCUMENTATION_COMMENTS = YES;
				CLANG_WARN_EMPTY_BODY = YES;
				CLANG_WARN_ENUM_CONVERSION = YES;
				CLANG_WARN_INFINITE_RECURSION = YES;
				CLANG_WARN_INT_CONVERSION = YES;
				CLANG_WARN_NON_LITERAL_NULL_CONVERSION = YES;
				CLANG_WARN_OBJC_IMPLICIT_RETAIN_SELF = YES;
				CLANG_WARN_OBJC_LITERAL_CONVERSION = YES;
				CLANG_WARN_OBJC_ROOT_CLASS = YES_ERROR;
				CLANG_WARN_RANGE_LOOP_ANALYSIS = YES;
				CLANG_WARN_STRICT_PROTOTYPES = YES;
				CLANG_WARN_SUSPICIOUS_MOVE = YES;
				CLANG_WARN_UNGUARDED_AVAILABILITY = YES_AGGRESSIVE;
				CLANG_WARN_UNREACHABLE_CODE = YES;
				CLANG_WARN__DUPLICATE_METHOD_MATCH = YES;
				CODE_SIGN_IDENTITY = "iPhone Developer";
				COPY_PHASE_STRIP = NO;
				DEBUG_INFORMATION_FORMAT = "dwarf-with-dsym";
				ENABLE_NS_ASSERTIONS = NO;
				ENABLE_STRICT_OBJC_MSGSEND = YES;
				GCC_C_LANGUAGE_STANDARD = gnu11;
				GCC_NO_COMMON_BLOCKS = YES;
				GCC_WARN_64_TO_32_BIT_CONVERSION = YES;
				GCC_WARN_ABOUT_RETURN_TYPE = YES_ERROR;
				GCC_WARN_UNDECLARED_SELECTOR = YES;
				GCC_WARN_UNINITIALIZED_AUTOS = YES_AGGRESSIVE;
				GCC_WARN_UNUSED_FUNCTION = YES;
				GCC_WARN_UNUSED_VARIABLE = YES;
				IPHONEOS_DEPLOYMENT_TARGET = 12.0;
				MTL_ENABLE_DEBUG_INFO = NO;
				MTL_FAST_MATH = YES;
				SDKROOT = iphoneos;
				SWIFT_COMPILATION_MODE = wholemodule;
				SWIFT_OPTIMIZATION_LEVEL = "-O";
				VALIDATE_PRODUCT = YES;
			};
			name = Release;
		};
		5E89BFFE21D8CEAD0007EF33 /* Debug */ = {
			isa = XCBuildConfiguration;
			buildSettings = {
				ASSETCATALOG_COMPILER_APPICON_NAME = AppIcon;
				CODE_SIGN_STYLE = Automatic;
				DEVELOPMENT_TEAM = "";
				FRAMEWORK_SEARCH_PATHS = (
					"$(inherited)",
					"$(PROJECT_DIR)/Framework",
				);
				INFOPLIST_FILE = MKAIndicatorViewSwiftSample/Info.plist;
				LD_RUNPATH_SEARCH_PATHS = (
					"$(inherited)",
					"@executable_path/Frameworks",
				);
				PRODUCT_BUNDLE_IDENTIFIER = jp.hituzi.MKAIndicatorViewSwiftSample;
				PRODUCT_NAME = "$(TARGET_NAME)";
				SWIFT_VERSION = 4.2;
				TARGETED_DEVICE_FAMILY = "1,2";
			};
			name = Debug;
		};
		5E89BFFF21D8CEAD0007EF33 /* Release */ = {
			isa = XCBuildConfiguration;
			buildSettings = {
				ASSETCATALOG_COMPILER_APPICON_NAME = AppIcon;
				CODE_SIGN_STYLE = Automatic;
				DEVELOPMENT_TEAM = "";
				FRAMEWORK_SEARCH_PATHS = (
					"$(inherited)",
					"$(PROJECT_DIR)/Framework",
				);
				INFOPLIST_FILE = MKAIndicatorViewSwiftSample/Info.plist;
				LD_RUNPATH_SEARCH_PATHS = (
					"$(inherited)",
					"@executable_path/Frameworks",
				);
				PRODUCT_BUNDLE_IDENTIFIER = jp.hituzi.MKAIndicatorViewSwiftSample;
				PRODUCT_NAME = "$(TARGET_NAME)";
				SWIFT_VERSION = 4.2;
				TARGETED_DEVICE_FAMILY = "1,2";
			};
			name = Release;
		};
/* End XCBuildConfiguration section */

/* Begin XCConfigurationList section */
		5E89BFE621D8CEAC0007EF33 /* Build configuration list for PBXProject "MKAIndicatorViewSwiftSample" */ = {
			isa = XCConfigurationList;
			buildConfigurations = (
				5E89BFFB21D8CEAD0007EF33 /* Debug */,
				5E89BFFC21D8CEAD0007EF33 /* Release */,
			);
			defaultConfigurationIsVisible = 0;
			defaultConfigurationName = Release;
		};
		5E89BFFD21D8CEAD0007EF33 /* Build configuration list for PBXNativeTarget "MKAIndicatorViewSwiftSample" */ = {
			isa = XCConfigurationList;
			buildConfigurations = (
				5E89BFFE21D8CEAD0007EF33 /* Debug */,
				5E89BFFF21D8CEAD0007EF33 /* Release */,
			);
			defaultConfigurationIsVisible = 0;
			defaultConfigurationName = Release;
		};
/* End XCConfigurationList section */
	};
	rootObject = 5E89BFE321D8CEAC0007EF33 /* Project object */;
}
